Microsoft Visual Studio Solution File, Format Version 12.00
Project("{FAE04EC0-301F-11D3-BF4B-00C04F79EFBC}") = "Example", "Example\Example.csproj", "{8D7E738B-3C00-4ED2-8B5C-1C18EAF7A11E}"
EndProject
Global
	GlobalSection(SolutionConfigurationPlatforms) = preSolution
		Debug|Any CPU = Debug|Any CPU
		Release|Any CPU = Release|Any CPU
	EndGlobalSection
	GlobalSection(ProjectConfigurationPlatforms) = postSolution
		{8D7E738B-3C00-4ED2-8B5C-1C18EAF7A11E}.Debug|Any CPU.ActiveCfg = Debug|Any CPU
		{8D7E738B-3C00-4ED2-8B5C-1C18EAF7A11E}.Debug|Any CPU.Build.0 = Debug|Any CPU
		{8D7E738B-3C00-4ED2-8B5C-1C18EAF7A11E}.Release|Any CPU.ActiveCfg = Release|Any CPU
		{8D7E738B-3C00-4ED2-8B5C-1C18EAF7A11E}.Release|Any CPU.Build.0 = Release|Any CPU
	EndGlobalSection
EndGlobal
